locks:
  f/database/pg_execute_query: 74301fcaa95f5aeded39a4d39ccd4578d50aed3ccc6982cf550aa0a3e3922c02
  f/dataframe/pandas_select_columns: d9cd948e341475187dc690026aa734188d8046a12ca8923de5168f6d249979d2
  f/fb_ad/fb_get_daily_ads_insight: 118480d6894df2a59fd0fa95f9f28838b3a8dfdcc6cab5cb3b710c47a17a30ec
  f/grist/grist_get_list_tables: 10bd5eca0961f58b3e5c8533e5106f434eb436df7a65849aaa976fbeccf2685d
  f/grist/grist_get_list_tables_columns: 4bbcadd2ce12557ccda3429707579d70939518eb56f9171df2bc944e14e4798c
  f/grist/grist_put_records_body_preparer: 0a97bcb87985fdaf422e1f36192fcb8b973e9097b9485c2ae24a725213834d73
  f/grist/grist_set_query_sqlite_fdw_foreign_tables: d29244b167b8f19189329d2fd5496dfea3eaefa0ac6aea4477086c7f983d1ad3
  f/grist/grist_set_query_sqlite_fdw_hard_reset: 1d07d38f6e7c9a597bd3b7e43fc3de445cd6b48e5f6cbd71e5211d815695237a
  f/grist/grist_upsert_table: 2df65d9f42d1aa9dc4ba81c68465423c79b15cca5b0ed2a4a83a47ba4beee515
  u/krichkorn/fb_get_daily_ads_insight: 7e35b82adb964a72ec98cd154240b9daf44360f41de9586844af7887e5779059
  u/krichkorn/grist_get_list_tables: 398d41345e96ec3baeb9e14478e978f8c0501c07cdd2de837a1be5db1ff59a9d
  u/krichkorn/grist_get_list_tables_columns: d20fd7d63ecd6650658357bc9409f0ad8f1a1b2e9f4643f2d4a4a5d74ff2fa59
  u/krichkorn/grist_put_records_body_preparer: 9ab0120c6e84b466cf0b1718fe8a170b87f97e577e3599d0fd46ef51570bc9f6
  u/krichkorn/grist_set_query_sqlite_fdw_foreign_tables: 5a67b6d42410026131a871f57f175bddb2d46a2ed5e8d6904b0821a8ec0a34cf
  u/krichkorn/grist_set_query_sqlite_fdw_hard_reset: 1c0a60d973cc2867286347c769abfdeab9eca018d254e9952ff6bb39241b82f5
  u/krichkorn/grist_upsert_table: a9cd2cb0dda5517aa16c787867fa42056c5e4c1804f77e545c4b5d7e03c496e6
  u/krichkorn/pandas_select_columns: 0e968534977eb2b1faf2c2e2a269eb01bd129f6dafd243581dd211c910c1826a
  u/krichkorn/pg_execute_query: 1e73d4cda012e22be99ae0b0c3aadf2037dcfde003779b2b96cd8c72d62233f9
